// !$*UTF8*$!
{
	archiveVersion = 1;
	classes = {
	};
	objectVersion = 56;
	objects = {

/* Begin PBXBuildFile section */
		18C04B8E2AD5297A00B96EDA /* SwiftUI_AppetizersApp.swift in Sources */ = {isa = PBXBuildFile; fileRef = 18C04B8D2AD5297A00B96EDA /* SwiftUI_AppetizersApp.swift */; };
		18C04B902AD5297A00B96EDA /* AppetizersTabView.swift in Sources */ = {isa = PBXBuildFile; fileRef = 18C04B8F2AD5297A00B96EDA /* AppetizersTabView.swift */; };
		18C04B922AD5297D00B96EDA /* Assets.xcassets in Resources */ = {isa = PBXBuildFile; fileRef = 18C04B912AD5297D00B96EDA /* Assets.xcassets */; };
		18C04B952AD5297D00B96EDA /* Preview Assets.xcassets in Resources */ = {isa = PBXBuildFile; fileRef = 18C04B942AD5297D00B96EDA /* Preview Assets.xcassets */; };
		18C04B9C2AD52A1500B96EDA /* AppetizerListView.swift in Sources */ = {isa = PBXBuildFile; fileRef = 18C04B9B2AD52A1500B96EDA /* AppetizerListView.swift */; };
		18C04B9E2AD52A2500B96EDA /* OrderView.swift in Sources */ = {isa = PBXBuildFile; fileRef = 18C04B9D2AD52A2500B96EDA /* OrderView.swift */; };
		18C04BA02AD52A3500B96EDA /* AccountView.swift in Sources */ = {isa = PBXBuildFile; fileRef = 18C04B9F2AD52A3500B96EDA /* AccountView.swift */; };
		18C04BA22AD5338000B96EDA /* Appetizer.swift in Sources */ = {isa = PBXBuildFile; fileRef = 18C04BA12AD5338000B96EDA /* Appetizer.swift */; };
		18C04BA42AD54F8400B96EDA /* AppetizerListCell.swift in Sources */ = {isa = PBXBuildFile; fileRef = 18C04BA32AD54F8400B96EDA /* AppetizerListCell.swift */; };
		18C04BA62AD5604000B96EDA /* NetworkManager.swift in Sources */ = {isa = PBXBuildFile; fileRef = 18C04BA52AD5604000B96EDA /* NetworkManager.swift */; };
		18C04BA82AD5609200B96EDA /* AppetizerListViewModel.swift in Sources */ = {isa = PBXBuildFile; fileRef = 18C04BA72AD5609200B96EDA /* AppetizerListViewModel.swift */; };
		18C04BAA2AD5626700B96EDA /* APIError.swift in Sources */ = {isa = PBXBuildFile; fileRef = 18C04BA92AD5626700B96EDA /* APIError.swift */; };
		18C04BAC2AD56EB600B96EDA /* Alert.swift in Sources */ = {isa = PBXBuildFile; fileRef = 18C04BAB2AD56EB600B96EDA /* Alert.swift */; };
/* End PBXBuildFile section */

/* Begin PBXFileReference section */
		18C04B8A2AD5297A00B96EDA /* SwiftUI-Appetizers.app */ = {isa = PBXFileReference; explicitFileType = wrapper.application; includeInIndex = 0; path = "SwiftUI-Appetizers.app"; sourceTree = BUILT_PRODUCTS_DIR; };
		18C04B8D2AD5297A00B96EDA /* SwiftUI_AppetizersApp.swift */ = {isa = PBXFileReference; lastKnownFileType = sourcecode.swift; path = SwiftUI_AppetizersApp.swift; sourceTree = "<group>"; };
		18C04B8F2AD5297A00B96EDA /* AppetizersTabView.swift */ = {isa = PBXFileReference; lastKnownFileType = sourcecode.swift; path = AppetizersTabView.swift; sourceTree = "<group>"; };
		18C04B912AD5297D00B96EDA /* Assets.xcassets */ = {isa = PBXFileReference; lastKnownFileType = folder.assetcatalog; path = Assets.xcassets; sourceTree = "<group>"; };
		18C04B942AD5297D00B96EDA /* Preview Assets.xcassets */ = {isa = PBXFileReference; lastKnownFileType = folder.assetcatalog; path = "Preview Assets.xcassets"; sourceTree = "<group>"; };
		18C04B9B2AD52A1500B96EDA /* AppetizerListView.swift */ = {isa = PBXFileReference; lastKnownFileType = sourcecode.swift; path = AppetizerListView.swift; sourceTree = "<group>"; };
		18C04B9D2AD52A2500B96EDA /* OrderView.swift */ = {isa = PBXFileReference; lastKnownFileType = sourcecode.swift; path = OrderView.swift; sourceTree = "<group>"; };
		18C04B9F2AD52A3500B96EDA /* AccountView.swift */ = {isa = PBXFileReference; lastKnownFileType = sourcecode.swift; path = AccountView.swift; sourceTree = "<group>"; };
		18C04BA12AD5338000B96EDA /* Appetizer.swift */ = {isa = PBXFileReference; lastKnownFileType = sourcecode.swift; path = Appetizer.swift; sourceTree = "<group>"; };
		18C04BA32AD54F8400B96EDA /* AppetizerListCell.swift */ = {isa = PBXFileReference; lastKnownFileType = sourcecode.swift; path = AppetizerListCell.swift; sourceTree = "<group>"; };
		18C04BA52AD5604000B96EDA /* NetworkManager.swift */ = {isa = PBXFileReference; lastKnownFileType = sourcecode.swift; path = NetworkManager.swift; sourceTree = "<group>"; };
		18C04BA72AD5609200B96EDA /* AppetizerListViewModel.swift */ = {isa = PBXFileReference; lastKnownFileType = sourcecode.swift; path = AppetizerListViewModel.swift; sourceTree = "<group>"; };
		18C04BA92AD5626700B96EDA /* APIError.swift */ = {isa = PBXFileReference; lastKnownFileType = sourcecode.swift; path = APIError.swift; sourceTree = "<group>"; };
		18C04BAB2AD56EB600B96EDA /* Alert.swift */ = {isa = PBXFileReference; lastKnownFileType = sourcecode.swift; path = Alert.swift; sourceTree = "<group>"; };
/* End PBXFileReference section */

/* Begin PBXFrameworksBuildPhase section */
		18C04B872AD5297A00B96EDA /* Frameworks */ = {
			isa = PBXFrameworksBuildPhase;
			buildActionMask = 2147483647;
			files = (
			);
			runOnlyForDeploymentPostprocessing = 0;
		};
/* End PBXFrameworksBuildPhase section */

/* Begin PBXGroup section */
		18C04B812AD5297A00B96EDA = {
			isa = PBXGroup;
			children = (
				18C04B8C2AD5297A00B96EDA /* SwiftUI-Appetizers */,
				18C04B8B2AD5297A00B96EDA /* Products */,
			);
			sourceTree = "<group>";
		};
		18C04B8B2AD5297A00B96EDA /* Products */ = {
			isa = PBXGroup;
			children = (
				18C04B8A2AD5297A00B96EDA /* SwiftUI-Appetizers.app */,
			);
			name = Products;
			sourceTree = "<group>";
		};
		18C04B8C2AD5297A00B96EDA /* SwiftUI-Appetizers */ = {
			isa = PBXGroup;
			children = (
				18C04B8D2AD5297A00B96EDA /* SwiftUI_AppetizersApp.swift */,
				18C04B8F2AD5297A00B96EDA /* AppetizersTabView.swift */,
				18C04B912AD5297D00B96EDA /* Assets.xcassets */,
				18C04B932AD5297D00B96EDA /* Preview Content */,
				18C04B9B2AD52A1500B96EDA /* AppetizerListView.swift */,
				18C04B9D2AD52A2500B96EDA /* OrderView.swift */,
				18C04B9F2AD52A3500B96EDA /* AccountView.swift */,
				18C04BA12AD5338000B96EDA /* Appetizer.swift */,
				18C04BA32AD54F8400B96EDA /* AppetizerListCell.swift */,
				18C04BA52AD5604000B96EDA /* NetworkManager.swift */,
				18C04BA72AD5609200B96EDA /* AppetizerListViewModel.swift */,
				18C04BA92AD5626700B96EDA /* APIError.swift */,
				18C04BAB2AD56EB600B96EDA /* Alert.swift */,
			);
			path = "SwiftUI-Appetizers";
			sourceTree = "<group>";
		};
		18C04B932AD5297D00B96EDA /* Preview Content */ = {
			isa = PBXGroup;
			children = (
				18C04B942AD5297D00B96EDA /* Preview Assets.xcassets */,
			);
			path = "Preview Content";
			sourceTree = "<group>";
		};
/* End PBXGroup section */

/* Begin PBXNativeTarget section */
		18C04B892AD5297A00B96EDA /* SwiftUI-Appetizers */ = {
			isa = PBXNativeTarget;
			buildConfigurationList = 18C04B982AD5297D00B96EDA /* Build configuration list for PBXNativeTarget "SwiftUI-Appetizers" */;
			buildPhases = (
				18C04B862AD5297A00B96EDA /* Sources */,
				18C04B872AD5297A00B96EDA /* Frameworks */,
				18C04B882AD5297A00B96EDA /* Resources */,
			);
			buildRules = (
			);
			dependencies = (
			);
			name = "SwiftUI-Appetizers";
			productName = "SwiftUI-Appetizers";
			productReference = 18C04B8A2AD5297A00B96EDA /* SwiftUI-Appetizers.app */;
			productType = "com.apple.product-type.application";
		};
/* End PBXNativeTarget section */

/* Begin PBXProject section */
		18C04B822AD5297A00B96EDA /* Project object */ = {
			isa = PBXProject;
			attributes = {
				BuildIndependentTargetsInParallel = 1;
				LastSwiftUpdateCheck = 1420;
				LastUpgradeCheck = 1420;
				TargetAttributes = {
					18C04B892AD5297A00B96EDA = {
						CreatedOnToolsVersion = 14.2;
					};
				};
			};
			buildConfigurationList = 18C04B852AD5297A00B96EDA /* Build configuration list for PBXProject "SwiftUI-Appetizers" */;
			compatibilityVersion = "Xcode 14.0";
			developmentRegion = en;
			hasScannedForEncodings = 0;
			knownRegions = (
				en,
				Base,
			);
			mainGroup = 18C04B812AD5297A00B96EDA;
			productRefGroup = 18C04B8B2AD5297A00B96EDA /* Products */;
			projectDirPath = "";
			projectRoot = "";
			targets = (
				18C04B892AD5297A00B96EDA /* SwiftUI-Appetizers */,
			);
		};
/* End PBXProject section */

/* Begin PBXResourcesBuildPhase section */
		18C04B882AD5297A00B96EDA /* Resources */ = {
			isa = PBXResourcesBuildPhase;
			buildActionMask = 2147483647;
			files = (
				18C04B952AD5297D00B96EDA /* Preview Assets.xcassets in Resources */,
				18C04B922AD5297D00B96EDA /* Assets.xcassets in Resources */,
			);
			runOnlyForDeploymentPostprocessing = 0;
		};
/* End PBXResourcesBuildPhase section */

/* Begin PBXSourcesBuildPhase section */
		18C04B862AD5297A00B96EDA /* Sources */ = {
			isa = PBXSourcesBuildPhase;
			buildActionMask = 2147483647;
			files = (
				18C04BA22AD5338000B96EDA /* Appetizer.swift in Sources */,
				18C04BA42AD54F8400B96EDA /* AppetizerListCell.swift in Sources */,
				18C04B902AD5297A00B96EDA /* AppetizersTabView.swift in Sources */,
				18C04BAA2AD5626700B96EDA /* APIError.swift in Sources */,
				18C04B9E2AD52A2500B96EDA /* OrderView.swift in Sources */,
				18C04BA82AD5609200B96EDA /* AppetizerListViewModel.swift in Sources */,
				18C04BA62AD5604000B96EDA /* NetworkManager.swift in Sources */,
				18C04B8E2AD5297A00B96EDA /* SwiftUI_AppetizersApp.swift in Sources */,
				18C04BAC2AD56EB600B96EDA /* Alert.swift in Sources */,
				18C04B9C2AD52A1500B96EDA /* AppetizerListView.swift in Sources */,
				18C04BA02AD52A3500B96EDA /* AccountView.swift in Sources */,
			);
			runOnlyForDeploymentPostprocessing = 0;
		};
/* End PBXSourcesBuildPhase section */

/* Begin XCBuildConfiguration section */
		18C04B962AD5297D00B96EDA /* Debug */ = {
			isa = XCBuildConfiguration;
			buildSettings = {
				ALWAYS_SEARCH_USER_PATHS = NO;
				CLANG_ANALYZER_NONNULL = YES;
				CLANG_ANALYZER_NUMBER_OBJECT_CONVERSION = YES_AGGRESSIVE;
				CLANG_CXX_LANGUAGE_STANDARD = "gnu++20";
				CLANG_ENABLE_MODULES = YES;
				CLANG_ENABLE_OBJC_ARC = YES;
				CLANG_ENABLE_OBJC_WEAK = YES;
				CLANG_WARN_BLOCK_CAPTURE_AUTORELEASING = YES;
				CLANG_WARN_BOOL_CONVERSION = YES;
				CLANG_WARN_COMMA = YES;
				CLANG_WARN_CONSTANT_CONVERSION = YES;
				CLANG_WARN_DEPRECATED_OBJC_IMPLEMENTATIONS = YES;
				CLANG_WARN_DIRECT_OBJC_ISA_USAGE = YES_ERROR;
				CLANG_WARN_DOCUMENTATION_COMMENTS = YES;
				CLANG_WARN_EMPTY_BODY = YES;
				CLANG_WARN_ENUM_CONVERSION = YES;
				CLANG_WARN_INFINITE_RECURSION = YES;
				CLANG_WARN_INT_CONVERSION = YES;
				CLANG_WARN_NON_LITERAL_NULL_CONVERSION = YES;
				CLANG_WARN_OBJC_IMPLICIT_RETAIN_SELF = YES;
				CLANG_WARN_OBJC_LITERAL_CONVERSION = YES;
				CLANG_WARN_OBJC_ROOT_CLASS = YES_ERROR;
				CLANG_WARN_QUOTED_INCLUDE_IN_FRAMEWORK_HEADER = YES;
				CLANG_WARN_RANGE_LOOP_ANALYSIS = YES;
				CLANG_WARN_STRICT_PROTOTYPES = YES;
				CLANG_WARN_SUSPICIOUS_MOVE = YES;
				CLANG_WARN_UNGUARDED_AVAILABILITY = YES_AGGRESSIVE;
				CLANG_WARN_UNREACHABLE_CODE = YES;
				CLANG_WARN__DUPLICATE_METHOD_MATCH = YES;
				COPY_PHASE_STRIP = NO;
				DEBUG_INFORMATION_FORMAT = dwarf;
				ENABLE_STRICT_OBJC_MSGSEND = YES;
				ENABLE_TESTABILITY = YES;
				GCC_C_LANGUAGE_STANDARD = gnu11;
				GCC_DYNAMIC_NO_PIC = NO;
				GCC_NO_COMMON_BLOCKS = YES;
				GCC_OPTIMIZATION_LEVEL = 0;
				GCC_PREPROCESSOR_DEFINITIONS = (
					"DEBUG=1",
					"$(inherited)",
				);
				GCC_WARN_64_TO_32_BIT_CONVERSION = YES;
				GCC_WARN_ABOUT_RETURN_TYPE = YES_ERROR;
				GCC_WARN_UNDECLARED_SELECTOR = YES;
				GCC_WARN_UNINITIALIZED_AUTOS = YES_AGGRESSIVE;
				GCC_WARN_UNUSED_FUNCTION = YES;
				GCC_WARN_UNUSED_VARIABLE = YES;
				IPHONEOS_DEPLOYMENT_TARGET = 16.2;
				MTL_ENABLE_DEBUG_INFO = INCLUDE_SOURCE;
				MTL_FAST_MATH = YES;
				ONLY_ACTIVE_ARCH = YES;
				SDKROOT = iphoneos;
				SWIFT_ACTIVE_COMPILATION_CONDITIONS = DEBUG;
				SWIFT_OPTIMIZATION_LEVEL = "-Onone";
			};
			name = Debug;
		};
		18C04B972AD5297D00B96EDA /* Release */ = {
			isa = XCBuildConfiguration;
			buildSettings = {
				ALWAYS_SEARCH_USER_PATHS = NO;
				CLANG_ANALYZER_NONNULL = YES;
				CLANG_ANALYZER_NUMBER_OBJECT_CONVERSION = YES_AGGRESSIVE;
				CLANG_CXX_LANGUAGE_STANDARD = "gnu++20";
				CLANG_ENABLE_MODULES = YES;
				CLANG_ENABLE_OBJC_ARC = YES;
				CLANG_ENABLE_OBJC_WEAK = YES;
				CLANG_WARN_BLOCK_CAPTURE_AUTORELEASING = YES;
				CLANG_WARN_BOOL_CONVERSION = YES;
				CLANG_WARN_COMMA = YES;
				CLANG_WARN_CONSTANT_CONVERSION = YES;
				CLANG_WARN_DEPRECATED_OBJC_IMPLEMENTATIONS = YES;
				CLANG_WARN_DIRECT_OBJC_ISA_USAGE = YES_ERROR;
				CLANG_WARN_DOCUMENTATION_COMMENTS = YES;
				CLANG_WARN_EMPTY_BODY = YES;
				CLANG_WARN_ENUM_CONVERSION = YES;
				CLANG_WARN_INFINITE_RECURSION = YES;
				CLANG_WARN_INT_CONVERSION = YES;
				CLANG_WARN_NON_LITERAL_NULL_CONVERSION = YES;
				CLANG_WARN_OBJC_IMPLICIT_RETAIN_SELF = YES;
				CLANG_WARN_OBJC_LITERAL_CONVERSION = YES;
				CLANG_WARN_OBJC_ROOT_CLASS = YES_ERROR;
				CLANG_WARN_QUOTED_INCLUDE_IN_FRAMEWORK_HEADER = YES;
				CLANG_WARN_RANGE_LOOP_ANALYSIS = YES;
				CLANG_WARN_STRICT_PROTOTYPES = YES;
				CLANG_WARN_SUSPICIOUS_MOVE = YES;
				CLANG_WARN_UNGUARDED_AVAILABILITY = YES_AGGRESSIVE;
				CLANG_WARN_UNREACHABLE_CODE = YES;
				CLANG_WARN__DUPLICATE_METHOD_MATCH = YES;
				COPY_PHASE_STRIP = NO;
				DEBUG_INFORMATION_FORMAT = "dwarf-with-dsym";
				ENABLE_NS_ASSERTIONS = NO;
				ENABLE_STRICT_OBJC_MSGSEND = YES;
				GCC_C_LANGUAGE_STANDARD = gnu11;
				GCC_NO_COMMON_BLOCKS = YES;
				GCC_WARN_64_TO_32_BIT_CONVERSION = YES;
				GCC_WARN_ABOUT_RETURN_TYPE = YES_ERROR;
				GCC_WARN_UNDECLARED_SELECTOR = YES;
				GCC_WARN_UNINITIALIZED_AUTOS = YES_AGGRESSIVE;
				GCC_WARN_UNUSED_FUNCTION = YES;
				GCC_WARN_UNUSED_VARIABLE = YES;
				IPHONEOS_DEPLOYMENT_TARGET = 16.2;
				MTL_ENABLE_DEBUG_INFO = NO;
				MTL_FAST_MATH = YES;
				SDKROOT = iphoneos;
				SWIFT_COMPILATION_MODE = wholemodule;
				SWIFT_OPTIMIZATION_LEVEL = "-O";
				VALIDATE_PRODUCT = YES;
			};
			name = Release;
		};
		18C04B992AD5297D00B96EDA /* Debug */ = {
			isa = XCBuildConfiguration;
			buildSettings = {
				ASSETCATALOG_COMPILER_APPICON_NAME = AppIcon;
				ASSETCATALOG_COMPILER_GLOBAL_ACCENT_COLOR_NAME = AccentColor;
				CODE_SIGN_STYLE = Automatic;
				CURRENT_PROJECT_VERSION = 1;
				DEVELOPMENT_ASSET_PATHS = "\"SwiftUI-Appetizers/Preview Content\"";
				DEVELOPMENT_TEAM = KZZ8J8W7TJ;
				ENABLE_PREVIEWS = YES;
				GENERATE_INFOPLIST_FILE = YES;
				INFOPLIST_KEY_UIApplicationSceneManifest_Generation = YES;
				INFOPLIST_KEY_UIApplicationSupportsIndirectInputEvents = YES;
				INFOPLIST_KEY_UILaunchScreen_Generation = YES;
				INFOPLIST_KEY_UISupportedInterfaceOrientations_iPad = "UIInterfaceOrientationPortrait UIInterfaceOrientationPortraitUpsideDown UIInterfaceOrientationLandscapeLeft UIInterfaceOrientationLandscapeRight";
				INFOPLIST_KEY_UISupportedInterfaceOrientations_iPhone = "UIInterfaceOrientationPortrait UIInterfaceOrientationLandscapeLeft UIInterfaceOrientationLandscapeRight";
				LD_RUNPATH_SEARCH_PATHS = (
					"$(inherited)",
					"@executable_path/Frameworks",
				);
				MARKETING_VERSION = 1.0;
				PRODUCT_BUNDLE_IDENTIFIER = "com.tammana.SwiftUI-Appetizers";
				PRODUCT_NAME = "$(TARGET_NAME)";
				SWIFT_EMIT_LOC_STRINGS = YES;
				SWIFT_VERSION = 5.0;
				TARGETED_DEVICE_FAMILY = "1,2";
			};
			name = Debug;
		};
		18C04B9A2AD5297D00B96EDA /* Release */ = {
			isa = XCBuildConfiguration;
			buildSettings = {
				ASSETCATALOG_COMPILER_APPICON_NAME = AppIcon;
				ASSETCATALOG_COMPILER_GLOBAL_ACCENT_COLOR_NAME = AccentColor;
				CODE_SIGN_STYLE = Automatic;
				CURRENT_PROJECT_VERSION = 1;
				DEVELOPMENT_ASSET_PATHS = "\"SwiftUI-Appetizers/Preview Content\"";
				DEVELOPMENT_TEAM = KZZ8J8W7TJ;
				ENABLE_PREVIEWS = YES;
				GENERATE_INFOPLIST_FILE = YES;
				INFOPLIST_KEY_UIApplicationSceneManifest_Generation = YES;
				INFOPLIST_KEY_UIApplicationSupportsIndirectInputEvents = YES;
				INFOPLIST_KEY_UILaunchScreen_Generation = YES;
				INFOPLIST_KEY_UISupportedInterfaceOrientations_iPad = "UIInterfaceOrientationPortrait UIInterfaceOrientationPortraitUpsideDown UIInterfaceOrientationLandscapeLeft UIInterfaceOrientationLandscapeRight";
				INFOPLIST_KEY_UISupportedInterfaceOrientations_iPhone = "UIInterfaceOrientationPortrait UIInterfaceOrientationLandscapeLeft UIInterfaceOrientationLandscapeRight";
				LD_RUNPATH_SEARCH_PATHS = (
					"$(inherited)",
					"@executable_path/Frameworks",
				);
				MARKETING_VERSION = 1.0;
				PRODUCT_BUNDLE_IDENTIFIER = "com.tammana.SwiftUI-Appetizers";
				PRODUCT_NAME = "$(TARGET_NAME)";
				SWIFT_EMIT_LOC_STRINGS = YES;
				SWIFT_VERSION = 5.0;
				TARGETED_DEVICE_FAMILY = "1,2";
			};
			name = Release;
		};
/* End XCBuildConfiguration section */

/* Begin XCConfigurationList section */
		18C04B852AD5297A00B96EDA /* Build configuration list for PBXProject "SwiftUI-Appetizers" */ = {
			isa = XCConfigurationList;
			buildConfigurations = (
				18C04B962AD5297D00B96EDA /* Debug */,
				18C04B972AD5297D00B96EDA /* Release */,
			);
			defaultConfigurationIsVisible = 0;
			defaultConfigurationName = Release;
		};
		18C04B982AD5297D00B96EDA /* Build configuration list for PBXNativeTarget "SwiftUI-Appetizers" */ = {
			isa = XCConfigurationList;
			buildConfigurations = (
				18C04B992AD5297D00B96EDA /* Debug */,
				18C04B9A2AD5297D00B96EDA /* Release */,
			);
			defaultConfigurationIsVisible = 0;
			defaultConfigurationName = Release;
		};
/* End XCConfigurationList section */
	};
	rootObject = 18C04B822AD5297A00B96EDA /* Project object */;
}
